hash: c6f84bdb15160404f8e2294badf17fc39bcb6e61c78cedfd85f521383be6c42e
updated: 2018-04-13T11:22:02.167954067-07:00
imports:
- name: github.com/educlos/testrail
  version: 0142f42e9ad1dcdc0fcecf5d0fd62376f1b8ec16
- name: github.com/onsi/ginkgo
  version: 68f622cf9b05e245b580cda6debc2b1bd3094c97
  subpackages:
  - config
  - reporters
  - reporters/stenographer
  - reporters/stenographer/support/go-colorable
  - reporters/stenographer/support/go-isatty
  - types
- name: github.com/urfave/cli
  version: 0bdeddeeb0f650497d603c4ad7b20cfe685682f6
- name: golang.org/x/sys
  version: f6f352972f061230a99fbf49d1eb8073ebdb36cb
  subpackages:
  - unix
testImports: []
