# This file is autogenerated, do not edit; changes may be undone by the next 'dep ensure'.


[[projects]]
  name = "github.com/educlos/testrail"
  packages = ["."]
  revision = "0142f42e9ad1dcdc0fcecf5d0fd62376f1b8ec16"

[[projects]]
  name = "github.com/onsi/ginkgo"
  packages = [
    "config",
    "reporters",
    "reporters/stenographer",
    "reporters/stenographer/support/go-colorable",
    "reporters/stenographer/support/go-isatty",
    "types"
  ]
  revision = "68f622cf9b05e245b580cda6debc2b1bd3094c97"

[[projects]]
  name = "github.com/urfave/cli"
  packages = ["."]
  revision = "0bdeddeeb0f650497d603c4ad7b20cfe685682f6"

[[projects]]
  branch = "master"
  name = "golang.org/x/sys"
  packages = ["unix"]
  revision = "ad87a3a340fa7f3bed189293fbfa7a9b7e021ae1"

[solve-meta]
  analyzer-name = "dep"
  analyzer-version = 1
  inputs-digest = "d3225d0bec484ffe047bde761a2cf958ac8dcff9f789d53ef6d00758bb7a9de0"
  solver-name = "gps-cdcl"
  solver-version = 1
